// !$*UTF8*$!
{
	archiveVersion = 1;
	classes = {
	};
	objectVersion = 56;
	objects = {

/* Begin PBXBuildFile section */
		4D956A452CA1B547002960E7 /* ShareRunApp.swift in Sources */ = {isa = PBXBuildFile; fileRef = 4D956A442CA1B547002960E7 /* ShareRunApp.swift */; };
		4D956A472CA1B547002960E7 /* ContentView.swift in Sources */ = {isa = PBXBuildFile; fileRef = 4D956A462CA1B547002960E7 /* ContentView.swift */; };
		4D956A492CA1B54A002960E7 /* Assets.xcassets in Resources */ = {isa = PBXBuildFile; fileRef = 4D956A482CA1B54A002960E7 /* Assets.xcassets */; };
		4D956A4C2CA1B54A002960E7 /* Preview Assets.xcassets in Resources */ = {isa = PBXBuildFile; fileRef = 4D956A4B2CA1B54A002960E7 /* Preview Assets.xcassets */; };
		4D956A532CA1B591002960E7 /* RunningRecord.swift in Sources */ = {isa = PBXBuildFile; fileRef = 4D956A522CA1B591002960E7 /* RunningRecord.swift */; };
		4D956A552CA1B60E002960E7 /* RunningFeature.swift in Sources */ = {isa = PBXBuildFile; fileRef = 4D956A542CA1B60E002960E7 /* RunningFeature.swift */; };
		4D956A5C2CA1B7C7002960E7 /* RunningEnvironment.swift in Sources */ = {isa = PBXBuildFile; fileRef = 4D956A5B2CA1B7C7002960E7 /* RunningEnvironment.swift */; };
		4D956A5E2CA1B7FC002960E7 /* LocationManager.swift in Sources */ = {isa = PBXBuildFile; fileRef = 4D956A5D2CA1B7FC002960E7 /* LocationManager.swift */; };
		4D956A602CA1BA0E002960E7 /* HealthKitManager.swift in Sources */ = {isa = PBXBuildFile; fileRef = 4D956A5F2CA1BA0E002960E7 /* HealthKitManager.swift */; };
		4D956A662CA2F198002960E7 /* ComposableArchitecture in Frameworks */ = {isa = PBXBuildFile; productRef = 4D956A652CA2F198002960E7 /* ComposableArchitecture */; };
		4D956A682CA30236002960E7 /* Extension.swift in Sources */ = {isa = PBXBuildFile; fileRef = 4D956A672CA30236002960E7 /* Extension.swift */; };
/* End PBXBuildFile section */

/* Begin PBXFileReference section */
		4D956A412CA1B547002960E7 /* ShareRun.app */ = {isa = PBXFileReference; explicitFileType = wrapper.application; includeInIndex = 0; path = ShareRun.app; sourceTree = BUILT_PRODUCTS_DIR; };
		4D956A442CA1B547002960E7 /* ShareRunApp.swift */ = {isa = PBXFileReference; lastKnownFileType = sourcecode.swift; path = ShareRunApp.swift; sourceTree = "<group>"; };
		4D956A462CA1B547002960E7 /* ContentView.swift */ = {isa = PBXFileReference; lastKnownFileType = sourcecode.swift; path = ContentView.swift; sourceTree = "<group>"; };
		4D956A482CA1B54A002960E7 /* Assets.xcassets */ = {isa = PBXFileReference; lastKnownFileType = folder.assetcatalog; path = Assets.xcassets; sourceTree = "<group>"; };
		4D956A4B2CA1B54A002960E7 /* Preview Assets.xcassets */ = {isa = PBXFileReference; lastKnownFileType = folder.assetcatalog; path = "Preview Assets.xcassets"; sourceTree = "<group>"; };
		4D956A522CA1B591002960E7 /* RunningRecord.swift */ = {isa = PBXFileReference; lastKnownFileType = sourcecode.swift; path = RunningRecord.swift; sourceTree = "<group>"; };
		4D956A542CA1B60E002960E7 /* RunningFeature.swift */ = {isa = PBXFileReference; lastKnownFileType = sourcecode.swift; path = RunningFeature.swift; sourceTree = "<group>"; };
		4D956A5B2CA1B7C7002960E7 /* RunningEnvironment.swift */ = {isa = PBXFileReference; lastKnownFileType = sourcecode.swift; path = RunningEnvironment.swift; sourceTree = "<group>"; };
		4D956A5D2CA1B7FC002960E7 /* LocationManager.swift */ = {isa = PBXFileReference; lastKnownFileType = sourcecode.swift; path = LocationManager.swift; sourceTree = "<group>"; };
		4D956A5F2CA1BA0E002960E7 /* HealthKitManager.swift */ = {isa = PBXFileReference; lastKnownFileType = sourcecode.swift; path = HealthKitManager.swift; sourceTree = "<group>"; };
		4D956A672CA30236002960E7 /* Extension.swift */ = {isa = PBXFileReference; lastKnownFileType = sourcecode.swift; path = Extension.swift; sourceTree = "<group>"; };
/* End PBXFileReference section */

/* Begin PBXFrameworksBuildPhase section */
		4D956A3E2CA1B547002960E7 /* Frameworks */ = {
			isa = PBXFrameworksBuildPhase;
			buildActionMask = 2147483647;
			files = (
				4D956A662CA2F198002960E7 /* ComposableArchitecture in Frameworks */,
			);
			runOnlyForDeploymentPostprocessing = 0;
		};
/* End PBXFrameworksBuildPhase section */

/* Begin PBXGroup section */
		4D956A382CA1B547002960E7 = {
			isa = PBXGroup;
			children = (
				4D956A432CA1B547002960E7 /* ShareRun */,
				4D956A422CA1B547002960E7 /* Products */,
			);
			sourceTree = "<group>";
		};
		4D956A422CA1B547002960E7 /* Products */ = {
			isa = PBXGroup;
			children = (
				4D956A412CA1B547002960E7 /* ShareRun.app */,
			);
			name = Products;
			sourceTree = "<group>";
		};
		4D956A432CA1B547002960E7 /* ShareRun */ = {
			isa = PBXGroup;
			children = (
				4D956A442CA1B547002960E7 /* ShareRunApp.swift */,
				4D956A462CA1B547002960E7 /* ContentView.swift */,
				4D956A7A2CAAE3CA002960E7 /* Model */,
				4D956A792CAAE3BC002960E7 /* Running */,
				4D956A782CAAE3AC002960E7 /* Manager */,
				4D956A672CA30236002960E7 /* Extension.swift */,
				4D956A482CA1B54A002960E7 /* Assets.xcassets */,
				4D956A4A2CA1B54A002960E7 /* Preview Content */,
			);
			path = ShareRun;
			sourceTree = "<group>";
		};
		4D956A4A2CA1B54A002960E7 /* Preview Content */ = {
			isa = PBXGroup;
			children = (
				4D956A4B2CA1B54A002960E7 /* Preview Assets.xcassets */,
			);
			path = "Preview Content";
			sourceTree = "<group>";
		};
		4D956A782CAAE3AC002960E7 /* Manager */ = {
			isa = PBXGroup;
			children = (
				4D956A5D2CA1B7FC002960E7 /* LocationManager.swift */,
				4D956A5F2CA1BA0E002960E7 /* HealthKitManager.swift */,
			);
			path = Manager;
			sourceTree = "<group>";
		};
		4D956A792CAAE3BC002960E7 /* Running */ = {
			isa = PBXGroup;
			children = (
				4D956A542CA1B60E002960E7 /* RunningFeature.swift */,
				4D956A5B2CA1B7C7002960E7 /* RunningEnvironment.swift */,
			);
			path = Running;
			sourceTree = "<group>";
		};
		4D956A7A2CAAE3CA002960E7 /* Model */ = {
			isa = PBXGroup;
			children = (
				4D956A522CA1B591002960E7 /* RunningRecord.swift */,
			);
			path = Model;
			sourceTree = "<group>";
		};
/* End PBXGroup section */

/* Begin PBXNativeTarget section */
		4D956A402CA1B547002960E7 /* ShareRun */ = {
			isa = PBXNativeTarget;
			buildConfigurationList = 4D956A4F2CA1B54A002960E7 /* Build configuration list for PBXNativeTarget "ShareRun" */;
			buildPhases = (
				4D956A3D2CA1B547002960E7 /* Sources */,
				4D956A3E2CA1B547002960E7 /* Frameworks */,
				4D956A3F2CA1B547002960E7 /* Resources */,
			);
			buildRules = (
			);
			dependencies = (
			);
			name = ShareRun;
			packageProductDependencies = (
				4D956A652CA2F198002960E7 /* ComposableArchitecture */,
			);
			productName = ShareRun;
			productReference = 4D956A412CA1B547002960E7 /* ShareRun.app */;
			productType = "com.apple.product-type.application";
		};
/* End PBXNativeTarget section */

/* Begin PBXProject section */
		4D956A392CA1B547002960E7 /* Project object */ = {
			isa = PBXProject;
			attributes = {
				BuildIndependentTargetsInParallel = 1;
				LastSwiftUpdateCheck = 1540;
				LastUpgradeCheck = 1540;
				TargetAttributes = {
					4D956A402CA1B547002960E7 = {
						CreatedOnToolsVersion = 15.4;
					};
				};
			};
			buildConfigurationList = 4D956A3C2CA1B547002960E7 /* Build configuration list for PBXProject "ShareRun" */;
			compatibilityVersion = "Xcode 14.0";
			developmentRegion = en;
			hasScannedForEncodings = 0;
			knownRegions = (
				en,
				Base,
			);
			mainGroup = 4D956A382CA1B547002960E7;
			packageReferences = (
				4D956A642CA2F198002960E7 /* XCRemoteSwiftPackageReference "swift-composable-architecture" */,
			);
			productRefGroup = 4D956A422CA1B547002960E7 /* Products */;
			projectDirPath = "";
			projectRoot = "";
			targets = (
				4D956A402CA1B547002960E7 /* ShareRun */,
			);
		};
/* End PBXProject section */

/* Begin PBXResourcesBuildPhase section */
		4D956A3F2CA1B547002960E7 /* Resources */ = {
			isa = PBXResourcesBuildPhase;
			buildActionMask = 2147483647;
			files = (
				4D956A4C2CA1B54A002960E7 /* Preview Assets.xcassets in Resources */,
				4D956A492CA1B54A002960E7 /* Assets.xcassets in Resources */,
			);
			runOnlyForDeploymentPostprocessing = 0;
		};
/* End PBXResourcesBuildPhase section */

/* Begin PBXSourcesBuildPhase section */
		4D956A3D2CA1B547002960E7 /* Sources */ = {
			isa = PBXSourcesBuildPhase;
			buildActionMask = 2147483647;
			files = (
				4D956A682CA30236002960E7 /* Extension.swift in Sources */,
				4D956A532CA1B591002960E7 /* RunningRecord.swift in Sources */,
				4D956A5C2CA1B7C7002960E7 /* RunningEnvironment.swift in Sources */,
				4D956A602CA1BA0E002960E7 /* HealthKitManager.swift in Sources */,
				4D956A472CA1B547002960E7 /* ContentView.swift in Sources */,
				4D956A5E2CA1B7FC002960E7 /* LocationManager.swift in Sources */,
				4D956A452CA1B547002960E7 /* ShareRunApp.swift in Sources */,
				4D956A552CA1B60E002960E7 /* RunningFeature.swift in Sources */,
			);
			runOnlyForDeploymentPostprocessing = 0;
		};
/* End PBXSourcesBuildPhase section */

/* Begin XCBuildConfiguration section */
		4D956A4D2CA1B54A002960E7 /* Debug */ = {
			isa = XCBuildConfiguration;
			buildSettings = {
				ALWAYS_SEARCH_USER_PATHS = NO;
				ASSETCATALOG_COMPILER_GENERATE_SWIFT_ASSET_SYMBOL_EXTENSIONS = YES;
				CLANG_ANALYZER_NONNULL = YES;
				CLANG_ANALYZER_NUMBER_OBJECT_CONVERSION = YES_AGGRESSIVE;
				CLANG_CXX_LANGUAGE_STANDARD = "gnu++20";
				CLANG_ENABLE_MODULES = YES;
				CLANG_ENABLE_OBJC_ARC = YES;
				CLANG_ENABLE_OBJC_WEAK = YES;
				CLANG_WARN_BLOCK_CAPTURE_AUTORELEASING = YES;
				CLANG_WARN_BOOL_CONVERSION = YES;
				CLANG_WARN_COMMA = YES;
				CLANG_WARN_CONSTANT_CONVERSION = YES;
				CLANG_WARN_DEPRECATED_OBJC_IMPLEMENTATIONS = YES;
				CLANG_WARN_DIRECT_OBJC_ISA_USAGE = YES_ERROR;
				CLANG_WARN_DOCUMENTATION_COMMENTS = YES;
				CLANG_WARN_EMPTY_BODY = YES;
				CLANG_WARN_ENUM_CONVERSION = YES;
				CLANG_WARN_INFINITE_RECURSION = YES;
				CLANG_WARN_INT_CONVERSION = YES;
				CLANG_WARN_NON_LITERAL_NULL_CONVERSION = YES;
				CLANG_WARN_OBJC_IMPLICIT_RETAIN_SELF = YES;
				CLANG_WARN_OBJC_LITERAL_CONVERSION = YES;
				CLANG_WARN_OBJC_ROOT_CLASS = YES_ERROR;
				CLANG_WARN_QUOTED_INCLUDE_IN_FRAMEWORK_HEADER = YES;
				CLANG_WARN_RANGE_LOOP_ANALYSIS = YES;
				CLANG_WARN_STRICT_PROTOTYPES = YES;
				CLANG_WARN_SUSPICIOUS_MOVE = YES;
				CLANG_WARN_UNGUARDED_AVAILABILITY = YES_AGGRESSIVE;
				CLANG_WARN_UNREACHABLE_CODE = YES;
				CLANG_WARN__DUPLICATE_METHOD_MATCH = YES;
				COPY_PHASE_STRIP = NO;
				DEBUG_INFORMATION_FORMAT = dwarf;
				ENABLE_STRICT_OBJC_MSGSEND = YES;
				ENABLE_TESTABILITY = YES;
				ENABLE_USER_SCRIPT_SANDBOXING = YES;
				GCC_C_LANGUAGE_STANDARD = gnu17;
				GCC_DYNAMIC_NO_PIC = NO;
				GCC_NO_COMMON_BLOCKS = YES;
				GCC_OPTIMIZATION_LEVEL = 0;
				GCC_PREPROCESSOR_DEFINITIONS = (
					"DEBUG=1",
					"$(inherited)",
				);
				GCC_WARN_64_TO_32_BIT_CONVERSION = YES;
				GCC_WARN_ABOUT_RETURN_TYPE = YES_ERROR;
				GCC_WARN_UNDECLARED_SELECTOR = YES;
				GCC_WARN_UNINITIALIZED_AUTOS = YES_AGGRESSIVE;
				GCC_WARN_UNUSED_FUNCTION = YES;
				GCC_WARN_UNUSED_VARIABLE = YES;
				IPHONEOS_DEPLOYMENT_TARGET = 16.0;
				LOCALIZATION_PREFERS_STRING_CATALOGS = YES;
				MTL_ENABLE_DEBUG_INFO = INCLUDE_SOURCE;
				MTL_FAST_MATH = YES;
				ONLY_ACTIVE_ARCH = YES;
				SDKROOT = iphoneos;
				SWIFT_ACTIVE_COMPILATION_CONDITIONS = "DEBUG $(inherited)";
				SWIFT_OPTIMIZATION_LEVEL = "-Onone";
			};
			name = Debug;
		};
		4D956A4E2CA1B54A002960E7 /* Release */ = {
			isa = XCBuildConfiguration;
			buildSettings = {
				ALWAYS_SEARCH_USER_PATHS = NO;
				ASSETCATALOG_COMPILER_GENERATE_SWIFT_ASSET_SYMBOL_EXTENSIONS = YES;
				CLANG_ANALYZER_NONNULL = YES;
				CLANG_ANALYZER_NUMBER_OBJECT_CONVERSION = YES_AGGRESSIVE;
				CLANG_CXX_LANGUAGE_STANDARD = "gnu++20";
				CLANG_ENABLE_MODULES = YES;
				CLANG_ENABLE_OBJC_ARC = YES;
				CLANG_ENABLE_OBJC_WEAK = YES;
				CLANG_WARN_BLOCK_CAPTURE_AUTORELEASING = YES;
				CLANG_WARN_BOOL_CONVERSION = YES;
				CLANG_WARN_COMMA = YES;
				CLANG_WARN_CONSTANT_CONVERSION = YES;
				CLANG_WARN_DEPRECATED_OBJC_IMPLEMENTATIONS = YES;
				CLANG_WARN_DIRECT_OBJC_ISA_USAGE = YES_ERROR;
				CLANG_WARN_DOCUMENTATION_COMMENTS = YES;
				CLANG_WARN_EMPTY_BODY = YES;
				CLANG_WARN_ENUM_CONVERSION = YES;
				CLANG_WARN_INFINITE_RECURSION = YES;
				CLANG_WARN_INT_CONVERSION = YES;
				CLANG_WARN_NON_LITERAL_NULL_CONVERSION = YES;
				CLANG_WARN_OBJC_IMPLICIT_RETAIN_SELF = YES;
				CLANG_WARN_OBJC_LITERAL_CONVERSION = YES;
				CLANG_WARN_OBJC_ROOT_CLASS = YES_ERROR;
				CLANG_WARN_QUOTED_INCLUDE_IN_FRAMEWORK_HEADER = YES;
				CLANG_WARN_RANGE_LOOP_ANALYSIS = YES;
				CLANG_WARN_STRICT_PROTOTYPES = YES;
				CLANG_WARN_SUSPICIOUS_MOVE = YES;
				CLANG_WARN_UNGUARDED_AVAILABILITY = YES_AGGRESSIVE;
				CLANG_WARN_UNREACHABLE_CODE = YES;
				CLANG_WARN__DUPLICATE_METHOD_MATCH = YES;
				COPY_PHASE_STRIP = NO;
				DEBUG_INFORMATION_FORMAT = "dwarf-with-dsym";
				ENABLE_NS_ASSERTIONS = NO;
				ENABLE_STRICT_OBJC_MSGSEND = YES;
				ENABLE_USER_SCRIPT_SANDBOXING = YES;
				GCC_C_LANGUAGE_STANDARD = gnu17;
				GCC_NO_COMMON_BLOCKS = YES;
				GCC_WARN_64_TO_32_BIT_CONVERSION = YES;
				GCC_WARN_ABOUT_RETURN_TYPE = YES_ERROR;
				GCC_WARN_UNDECLARED_SELECTOR = YES;
				GCC_WARN_UNINITIALIZED_AUTOS = YES_AGGRESSIVE;
				GCC_WARN_UNUSED_FUNCTION = YES;
				GCC_WARN_UNUSED_VARIABLE = YES;
				IPHONEOS_DEPLOYMENT_TARGET = 16.0;
				LOCALIZATION_PREFERS_STRING_CATALOGS = YES;
				MTL_ENABLE_DEBUG_INFO = NO;
				MTL_FAST_MATH = YES;
				SDKROOT = iphoneos;
				SWIFT_COMPILATION_MODE = wholemodule;
				VALIDATE_PRODUCT = YES;
			};
			name = Release;
		};
		4D956A502CA1B54A002960E7 /* Debug */ = {
			isa = XCBuildConfiguration;
			buildSettings = {
				ASSETCATALOG_COMPILER_APPICON_NAME = AppIcon;
				ASSETCATALOG_COMPILER_GLOBAL_ACCENT_COLOR_NAME = AccentColor;
				CODE_SIGN_STYLE = Automatic;
				CURRENT_PROJECT_VERSION = 1;
				DEVELOPMENT_ASSET_PATHS = "\"ShareRun/Preview Content\"";
				DEVELOPMENT_TEAM = U68CWSQ94X;
				ENABLE_PREVIEWS = YES;
				GENERATE_INFOPLIST_FILE = YES;
				INFOPLIST_KEY_UIApplicationSceneManifest_Generation = YES;
				INFOPLIST_KEY_UIApplicationSupportsIndirectInputEvents = YES;
				INFOPLIST_KEY_UILaunchScreen_Generation = YES;
				INFOPLIST_KEY_UISupportedInterfaceOrientations_iPad = "UIInterfaceOrientationPortrait UIInterfaceOrientationPortraitUpsideDown UIInterfaceOrientationLandscapeLeft UIInterfaceOrientationLandscapeRight";
				INFOPLIST_KEY_UISupportedInterfaceOrientations_iPhone = "UIInterfaceOrientationPortrait UIInterfaceOrientationLandscapeLeft UIInterfaceOrientationLandscapeRight";
				LD_RUNPATH_SEARCH_PATHS = (
					"$(inherited)",
					"@executable_path/Frameworks",
				);
				MARKETING_VERSION = 1.0;
				PRODUCT_BUNDLE_IDENTIFIER = Project.ShareRun;
				PRODUCT_NAME = "$(TARGET_NAME)";
				SWIFT_EMIT_LOC_STRINGS = YES;
				SWIFT_VERSION = 5.0;
				TARGETED_DEVICE_FAMILY = "1,2";
			};
			name = Debug;
		};
		4D956A512CA1B54A002960E7 /* Release */ = {
			isa = XCBuildConfiguration;
			buildSettings = {
				ASSETCATALOG_COMPILER_APPICON_NAME = AppIcon;
				ASSETCATALOG_COMPILER_GLOBAL_ACCENT_COLOR_NAME = AccentColor;
				CODE_SIGN_STYLE = Automatic;
				CURRENT_PROJECT_VERSION = 1;
				DEVELOPMENT_ASSET_PATHS = "\"ShareRun/Preview Content\"";
				DEVELOPMENT_TEAM = U68CWSQ94X;
				ENABLE_PREVIEWS = YES;
				GENERATE_INFOPLIST_FILE = YES;
				INFOPLIST_KEY_UIApplicationSceneManifest_Generation = YES;
				INFOPLIST_KEY_UIApplicationSupportsIndirectInputEvents = YES;
				INFOPLIST_KEY_UILaunchScreen_Generation = YES;
				INFOPLIST_KEY_UISupportedInterfaceOrientations_iPad = "UIInterfaceOrientationPortrait UIInterfaceOrientationPortraitUpsideDown UIInterfaceOrientationLandscapeLeft UIInterfaceOrientationLandscapeRight";
				INFOPLIST_KEY_UISupportedInterfaceOrientations_iPhone = "UIInterfaceOrientationPortrait UIInterfaceOrientationLandscapeLeft UIInterfaceOrientationLandscapeRight";
				LD_RUNPATH_SEARCH_PATHS = (
					"$(inherited)",
					"@executable_path/Frameworks",
				);
				MARKETING_VERSION = 1.0;
				PRODUCT_BUNDLE_IDENTIFIER = Project.ShareRun;
				PRODUCT_NAME = "$(TARGET_NAME)";
				SWIFT_EMIT_LOC_STRINGS = YES;
				SWIFT_VERSION = 5.0;
				TARGETED_DEVICE_FAMILY = "1,2";
			};
			name = Release;
		};
/* End XCBuildConfiguration section */

/* Begin XCConfigurationList section */
		4D956A3C2CA1B547002960E7 /* Build configuration list for PBXProject "ShareRun" */ = {
			isa = XCConfigurationList;
			buildConfigurations = (
				4D956A4D2CA1B54A002960E7 /* Debug */,
				4D956A4E2CA1B54A002960E7 /* Release */,
			);
			defaultConfigurationIsVisible = 0;
			defaultConfigurationName = Release;
		};
		4D956A4F2CA1B54A002960E7 /* Build configuration list for PBXNativeTarget "ShareRun" */ = {
			isa = XCConfigurationList;
			buildConfigurations = (
				4D956A502CA1B54A002960E7 /* Debug */,
				4D956A512CA1B54A002960E7 /* Release */,
			);
			defaultConfigurationIsVisible = 0;
			defaultConfigurationName = Release;
		};
/* End XCConfigurationList section */

/* Begin XCRemoteSwiftPackageReference section */
		4D956A642CA2F198002960E7 /* XCRemoteSwiftPackageReference "swift-composable-architecture" */ = {
			isa = XCRemoteSwiftPackageReference;
			repositoryURL = "https://github.com/pointfreeco/swift-composable-architecture";
			requirement = {
				kind = upToNextMajorVersion;
				minimumVersion = 1.15.0;
			};
		};
/* End XCRemoteSwiftPackageReference section */

/* Begin XCSwiftPackageProductDependency section */
		4D956A652CA2F198002960E7 /* ComposableArchitecture */ = {
			isa = XCSwiftPackageProductDependency;
			package = 4D956A642CA2F198002960E7 /* XCRemoteSwiftPackageReference "swift-composable-architecture" */;
			productName = ComposableArchitecture;
		};
/* End XCSwiftPackageProductDependency section */
	};
	rootObject = 4D956A392CA1B547002960E7 /* Project object */;
}
